
Microsoft Visual Studio Solution File, Format Version 12.00
# Visual Studio Version 17
VisualStudioVersion = 17.4.33213.308
MinimumVisualStudioVersion = 10.0.40219.1
Project("{FAE04EC0-301F-11D3-BF4B-00C04F79EFBC}") = "GUI", "WinformsEx05\GUI.csproj", "{12571CE6-D13D-4E0A-B17B-1865B6BA19C4}"
EndProject
Project("{FAE04EC0-301F-11D3-BF4B-00C04F79EFBC}") = "GameLogic", "Logics\GameLogic.csproj", "{39B1D603-6736-4757-8485-CCD27839F1BA}"
EndProject
Global
	GlobalSection(SolutionConfigurationPlatforms) = preSolution
		Debug|Any CPU = Debug|Any CPU
		Release|Any CPU = Release|Any CPU
	EndGlobalSection
	GlobalSection(ProjectConfigurationPlatforms) = postSolution
		{12571CE6-D13D-4E0A-B17B-1865B6BA19C4}.Debug|Any CPU.ActiveCfg = Debug|Any CPU
		{12571CE6-D13D-4E0A-B17B-1865B6BA19C4}.Debug|Any CPU.Build.0 = Debug|Any CPU
		{12571CE6-D13D-4E0A-B17B-1865B6BA19C4}.Release|Any CPU.ActiveCfg = Release|Any CPU
		{12571CE6-D13D-4E0A-B17B-1865B6BA19C4}.Release|Any CPU.Build.0 = Release|Any CPU
		{39B1D603-6736-4757-8485-CCD27839F1BA}.Debug|Any CPU.ActiveCfg = Debug|Any CPU
		{39B1D603-6736-4757-8485-CCD27839F1BA}.Debug|Any CPU.Build.0 = Debug|Any CPU
		{39B1D603-6736-4757-8485-CCD27839F1BA}.Release|Any CPU.ActiveCfg = Release|Any CPU
		{39B1D603-6736-4757-8485-CCD27839F1BA}.Release|Any CPU.Build.0 = Release|Any CPU
	EndGlobalSection
	GlobalSection(SolutionProperties) = preSolution
		HideSolutionNode = FALSE
	EndGlobalSection
	GlobalSection(ExtensibilityGlobals) = postSolution
		SolutionGuid = {288CF9EA-64B0-4757-BA52-53767FB4ABC3}
	EndGlobalSection
EndGlobal
